// !$*UTF8*$!
{
	archiveVersion = 1;
	classes = {
	};
	objectVersion = 60;
	objects = {

/* Begin PBXBuildFile section */
		C331B2EE2AEC1DD5007853DF /* PlexCore in Frameworks */ = {isa = PBXBuildFile; productRef = C331B2ED2AEC1DD5007853DF /* PlexCore */; };
		C331B2F02AEC1DD5007853DF /* PlexUIKit in Frameworks */ = {isa = PBXBuildFile; productRef = C331B2EF2AEC1DD5007853DF /* PlexUIKit */; };
		C33F74132AE498D000F46659 /* PlexeinaRegular.ttf in Resources */ = {isa = PBXBuildFile; fileRef = C33F74112AE498D000F46659 /* PlexeinaRegular.ttf */; };
		C33F74142AE498D000F46659 /* PlexeinaBold.ttf in Resources */ = {isa = PBXBuildFile; fileRef = C33F74122AE498D000F46659 /* PlexeinaBold.ttf */; };
		C33F74182AE49ED600F46659 /* Colors.xcassets in Resources */ = {isa = PBXBuildFile; fileRef = C33F74172AE49ED600F46659 /* Colors.xcassets */; };
		C36279DD265FE44400DEF2B6 /* PlexVideoApp.swift in Sources */ = {isa = PBXBuildFile; fileRef = C36279DC265FE44400DEF2B6 /* PlexVideoApp.swift */; };
		C36279DF265FE44400DEF2B6 /* RootView.swift in Sources */ = {isa = PBXBuildFile; fileRef = C36279DE265FE44400DEF2B6 /* RootView.swift */; };
		C36279E1265FE44500DEF2B6 /* Assets.xcassets in Resources */ = {isa = PBXBuildFile; fileRef = C36279E0265FE44500DEF2B6 /* Assets.xcassets */; };
		C36279EF265FE5DC00DEF2B6 /* Login.swift in Sources */ = {isa = PBXBuildFile; fileRef = C36279EE265FE5DC00DEF2B6 /* Login.swift */; };
		C378F6BF2AE1C8D9000B980F /* MainView.swift in Sources */ = {isa = PBXBuildFile; fileRef = C378F6BE2AE1C8D9000B980F /* MainView.swift */; };
		C391F3CF2ADE03C3000452B5 /* PreviewData.swift in Sources */ = {isa = PBXBuildFile; fileRef = C391F3CE2ADE03C3000452B5 /* PreviewData.swift */; };
		C3FB90D92AE858E100167891 /* GoogleService-Info.plist in Resources */ = {isa = PBXBuildFile; fileRef = C3FB90D82AE858E100167891 /* GoogleService-Info.plist */; };
/* End PBXBuildFile section */

/* Begin PBXCopyFilesBuildPhase section */
		C36760522AE18EB500838645 /* Embed Frameworks */ = {
			isa = PBXCopyFilesBuildPhase;
			buildActionMask = 2147483647;
			dstPath = "";
			dstSubfolderSpec = 10;
			files = (
			);
			name = "Embed Frameworks";
			runOnlyForDeploymentPostprocessing = 0;
		};
/* End PBXCopyFilesBuildPhase section */

/* Begin PBXFileReference section */
		C33F74112AE498D000F46659 /* PlexeinaRegular.ttf */ = {isa = PBXFileReference; lastKnownFileType = file; path = PlexeinaRegular.ttf; sourceTree = "<group>"; };
		C33F74122AE498D000F46659 /* PlexeinaBold.ttf */ = {isa = PBXFileReference; lastKnownFileType = file; path = PlexeinaBold.ttf; sourceTree = "<group>"; };
		C33F74152AE499C400F46659 /* Info.plist */ = {isa = PBXFileReference; lastKnownFileType = text.plist; path = Info.plist; sourceTree = "<group>"; };
		C33F74172AE49ED600F46659 /* Colors.xcassets */ = {isa = PBXFileReference; lastKnownFileType = folder.assetcatalog; name = Colors.xcassets; path = PlexCore/Sources/PlexUIKit/Resources/Colors.xcassets; sourceTree = SOURCE_ROOT; };
		C354970A2ADDB0BE00990615 /* PlexCore */ = {isa = PBXFileReference; lastKnownFileType = wrapper; path = PlexCore; sourceTree = "<group>"; };
		C36279D9265FE44400DEF2B6 /* PlexVideo.app */ = {isa = PBXFileReference; explicitFileType = wrapper.application; includeInIndex = 0; path = PlexVideo.app; sourceTree = BUILT_PRODUCTS_DIR; };
		C36279DC265FE44400DEF2B6 /* PlexVideoApp.swift */ = {isa = PBXFileReference; lastKnownFileType = sourcecode.swift; path = PlexVideoApp.swift; sourceTree = "<group>"; };
		C36279DE265FE44400DEF2B6 /* RootView.swift */ = {isa = PBXFileReference; lastKnownFileType = sourcecode.swift; path = RootView.swift; sourceTree = "<group>"; };
		C36279E0265FE44500DEF2B6 /* Assets.xcassets */ = {isa = PBXFileReference; lastKnownFileType = folder.assetcatalog; path = Assets.xcassets; sourceTree = "<group>"; };
		C36279EB265FE4D100DEF2B6 /* PlexVideo.entitlements */ = {isa = PBXFileReference; lastKnownFileType = text.plist.entitlements; path = PlexVideo.entitlements; sourceTree = "<group>"; };
		C36279EE265FE5DC00DEF2B6 /* Login.swift */ = {isa = PBXFileReference; lastKnownFileType = sourcecode.swift; name = Login.swift; path = PlexVideo/Login.swift; sourceTree = SOURCE_ROOT; };
		C378F6BE2AE1C8D9000B980F /* MainView.swift */ = {isa = PBXFileReference; lastKnownFileType = sourcecode.swift; path = MainView.swift; sourceTree = "<group>"; };
		C391F3CE2ADE03C3000452B5 /* PreviewData.swift */ = {isa = PBXFileReference; lastKnownFileType = sourcecode.swift; path = PreviewData.swift; sourceTree = "<group>"; };
		C3FB90D82AE858E100167891 /* GoogleService-Info.plist */ = {isa = PBXFileReference; fileEncoding = 4; lastKnownFileType = text.plist.xml; path = "GoogleService-Info.plist"; sourceTree = "<group>"; };
/* End PBXFileReference section */

/* Begin PBXFrameworksBuildPhase section */
		C36279D6265FE44400DEF2B6 /* Frameworks */ = {
			isa = PBXFrameworksBuildPhase;
			buildActionMask = 2147483647;
			files = (
				C331B2F02AEC1DD5007853DF /* PlexUIKit in Frameworks */,
				C331B2EE2AEC1DD5007853DF /* PlexCore in Frameworks */,
			);
			runOnlyForDeploymentPostprocessing = 0;
		};
/* End PBXFrameworksBuildPhase section */

/* Begin PBXGroup section */
		C32B7B5B26729E7400578E5D /* Helpers */ = {
			isa = PBXGroup;
			children = (
				C391F3CE2ADE03C3000452B5 /* PreviewData.swift */,
			);
			path = Helpers;
			sourceTree = "<group>";
		};
		C333785A266CDAD1007C3D41 /* Extensions */ = {
			isa = PBXGroup;
			children = (
			);
			path = Extensions;
			sourceTree = "<group>";
		};
		C33F74162AE49B2C00F46659 /* Resources */ = {
			isa = PBXGroup;
			children = (
				C33F74122AE498D000F46659 /* PlexeinaBold.ttf */,
				C33F74112AE498D000F46659 /* PlexeinaRegular.ttf */,
				C33F74172AE49ED600F46659 /* Colors.xcassets */,
				C36279E0265FE44500DEF2B6 /* Assets.xcassets */,
			);
			path = Resources;
			sourceTree = "<group>";
		};
		C33FAE50266FC24100177385 /* Login */ = {
			isa = PBXGroup;
			children = (
				C36279EE265FE5DC00DEF2B6 /* Login.swift */,
			);
			path = Login;
			sourceTree = "<group>";
		};
		C35FD1FC273D37190091BE96 /* Packages */ = {
			isa = PBXGroup;
			children = (
				C354970A2ADDB0BE00990615 /* PlexCore */,
			);
			name = Packages;
			sourceTree = "<group>";
		};
		C36279D0265FE44400DEF2B6 = {
			isa = PBXGroup;
			children = (
				C35FD1FC273D37190091BE96 /* Packages */,
				C36279DB265FE44400DEF2B6 /* PlexVideo */,
				C36279DA265FE44400DEF2B6 /* Products */,
				C3CCF76F273D378700C3CF46 /* Frameworks */,
			);
			sourceTree = "<group>";
		};
		C36279DA265FE44400DEF2B6 /* Products */ = {
			isa = PBXGroup;
			children = (
				C36279D9265FE44400DEF2B6 /* PlexVideo.app */,
			);
			name = Products;
			sourceTree = "<group>";
		};
		C36279DB265FE44400DEF2B6 /* PlexVideo */ = {
			isa = PBXGroup;
			children = (
				C33F74162AE49B2C00F46659 /* Resources */,
				C33F74152AE499C400F46659 /* Info.plist */,
				C32B7B5B26729E7400578E5D /* Helpers */,
				C33FAE50266FC24100177385 /* Login */,
				C333785A266CDAD1007C3D41 /* Extensions */,
				C36279EB265FE4D100DEF2B6 /* PlexVideo.entitlements */,
				C36279DC265FE44400DEF2B6 /* PlexVideoApp.swift */,
				C36279DE265FE44400DEF2B6 /* RootView.swift */,
				C378F6BE2AE1C8D9000B980F /* MainView.swift */,
				C3FB90D82AE858E100167891 /* GoogleService-Info.plist */,
			);
			path = PlexVideo;
			sourceTree = "<group>";
		};
		C3CCF76F273D378700C3CF46 /* Frameworks */ = {
			isa = PBXGroup;
			children = (
			);
			name = Frameworks;
			sourceTree = "<group>";
		};
/* End PBXGroup section */

/* Begin PBXNativeTarget section */
		C36279D8265FE44400DEF2B6 /* PlexVideo */ = {
			isa = PBXNativeTarget;
			buildConfigurationList = C36279E8265FE44500DEF2B6 /* Build configuration list for PBXNativeTarget "PlexVideo" */;
			buildPhases = (
				C36279D5265FE44400DEF2B6 /* Sources */,
				C36279D6265FE44400DEF2B6 /* Frameworks */,
				C36279D7265FE44400DEF2B6 /* Resources */,
				C36760522AE18EB500838645 /* Embed Frameworks */,
			);
			buildRules = (
			);
			dependencies = (
			);
			name = PlexVideo;
			packageProductDependencies = (
				C331B2ED2AEC1DD5007853DF /* PlexCore */,
				C331B2EF2AEC1DD5007853DF /* PlexUIKit */,
			);
			productName = PlexVideo;
			productReference = C36279D9265FE44400DEF2B6 /* PlexVideo.app */;
			productType = "com.apple.product-type.application";
		};
/* End PBXNativeTarget section */

/* Begin PBXProject section */
		C36279D1265FE44400DEF2B6 /* Project object */ = {
			isa = PBXProject;
			attributes = {
				BuildIndependentTargetsInParallel = YES;
				LastSwiftUpdateCheck = 1250;
				LastUpgradeCheck = 1510;
				TargetAttributes = {
					C36279D8265FE44400DEF2B6 = {
						CreatedOnToolsVersion = 12.5;
					};
				};
			};
			buildConfigurationList = C36279D4265FE44400DEF2B6 /* Build configuration list for PBXProject "PlexVideo" */;
			compatibilityVersion = "Xcode 15.0";
			developmentRegion = en;
			hasScannedForEncodings = 0;
			knownRegions = (
				en,
				Base,
			);
			mainGroup = C36279D0265FE44400DEF2B6;
			packageReferences = (
			);
			productRefGroup = C36279DA265FE44400DEF2B6 /* Products */;
			projectDirPath = "";
			projectRoot = "";
			targets = (
				C36279D8265FE44400DEF2B6 /* PlexVideo */,
			);
		};
/* End PBXProject section */

/* Begin PBXResourcesBuildPhase section */
		C36279D7265FE44400DEF2B6 /* Resources */ = {
			isa = PBXResourcesBuildPhase;
			buildActionMask = 2147483647;
			files = (
				C36279E1265FE44500DEF2B6 /* Assets.xcassets in Resources */,
				C3FB90D92AE858E100167891 /* GoogleService-Info.plist in Resources */,
				C33F74182AE49ED600F46659 /* Colors.xcassets in Resources */,
				C33F74132AE498D000F46659 /* PlexeinaRegular.ttf in Resources */,
				C33F74142AE498D000F46659 /* PlexeinaBold.ttf in Resources */,
			);
			runOnlyForDeploymentPostprocessing = 0;
		};
/* End PBXResourcesBuildPhase section */

/* Begin PBXSourcesBuildPhase section */
		C36279D5265FE44400DEF2B6 /* Sources */ = {
			isa = PBXSourcesBuildPhase;
			buildActionMask = 2147483647;
			files = (
				C391F3CF2ADE03C3000452B5 /* PreviewData.swift in Sources */,
				C36279DF265FE44400DEF2B6 /* RootView.swift in Sources */,
				C36279DD265FE44400DEF2B6 /* PlexVideoApp.swift in Sources */,
				C378F6BF2AE1C8D9000B980F /* MainView.swift in Sources */,
				C36279EF265FE5DC00DEF2B6 /* Login.swift in Sources */,
			);
			runOnlyForDeploymentPostprocessing = 0;
		};
/* End PBXSourcesBuildPhase section */

/* Begin XCBuildConfiguration section */
		C36279E6265FE44500DEF2B6 /* Debug */ = {
			isa = XCBuildConfiguration;
			buildSettings = {
				ALWAYS_SEARCH_USER_PATHS = NO;
				ASSETCATALOG_COMPILER_GENERATE_SWIFT_ASSET_SYMBOL_EXTENSIONS = YES;
				CLANG_ANALYZER_NONNULL = YES;
				CLANG_ANALYZER_NUMBER_OBJECT_CONVERSION = YES_AGGRESSIVE;
				CLANG_CXX_LANGUAGE_STANDARD = "gnu++14";
				CLANG_CXX_LIBRARY = "libc++";
				CLANG_ENABLE_MODULES = YES;
				CLANG_ENABLE_OBJC_ARC = YES;
				CLANG_ENABLE_OBJC_WEAK = YES;
				CLANG_WARN_BLOCK_CAPTURE_AUTORELEASING = YES;
				CLANG_WARN_BOOL_CONVERSION = YES;
				CLANG_WARN_COMMA = YES;
				CLANG_WARN_CONSTANT_CONVERSION = YES;
				CLANG_WARN_DEPRECATED_OBJC_IMPLEMENTATIONS = YES;
				CLANG_WARN_DIRECT_OBJC_ISA_USAGE = YES_ERROR;
				CLANG_WARN_DOCUMENTATION_COMMENTS = YES;
				CLANG_WARN_EMPTY_BODY = YES;
				CLANG_WARN_ENUM_CONVERSION = YES;
				CLANG_WARN_INFINITE_RECURSION = YES;
				CLANG_WARN_INT_CONVERSION = YES;
				CLANG_WARN_NON_LITERAL_NULL_CONVERSION = YES;
				CLANG_WARN_OBJC_IMPLICIT_RETAIN_SELF = YES;
				CLANG_WARN_OBJC_LITERAL_CONVERSION = YES;
				CLANG_WARN_OBJC_ROOT_CLASS = YES_ERROR;
				CLANG_WARN_QUOTED_INCLUDE_IN_FRAMEWORK_HEADER = YES;
				CLANG_WARN_RANGE_LOOP_ANALYSIS = YES;
				CLANG_WARN_STRICT_PROTOTYPES = YES;
				CLANG_WARN_SUSPICIOUS_MOVE = YES;
				CLANG_WARN_UNGUARDED_AVAILABILITY = YES_AGGRESSIVE;
				CLANG_WARN_UNREACHABLE_CODE = YES;
				CLANG_WARN__DUPLICATE_METHOD_MATCH = YES;
				COPY_PHASE_STRIP = NO;
				CREATE_INFOPLIST_SECTION_IN_BINARY = NO;
				DEAD_CODE_STRIPPING = YES;
				DEBUG_INFORMATION_FORMAT = dwarf;
				EAGER_LINKING = YES;
				EMBED_ASSET_PACKS_IN_PRODUCT_BUNDLE = YES;
				ENABLE_STRICT_OBJC_MSGSEND = YES;
				ENABLE_TESTABILITY = YES;
				ENABLE_USER_SCRIPT_SANDBOXING = YES;
				FUSE_BUILD_SCRIPT_PHASES = YES;
				GCC_C_LANGUAGE_STANDARD = gnu11;
				GCC_DYNAMIC_NO_PIC = NO;
				GCC_NO_COMMON_BLOCKS = YES;
				GCC_OPTIMIZATION_LEVEL = 0;
				GCC_PREPROCESSOR_DEFINITIONS = (
					"DEBUG=1",
					"$(inherited)",
				);
				GCC_WARN_64_TO_32_BIT_CONVERSION = YES;
				GCC_WARN_ABOUT_RETURN_TYPE = YES_ERROR;
				GCC_WARN_UNDECLARED_SELECTOR = YES;
				GCC_WARN_UNINITIALIZED_AUTOS = YES_AGGRESSIVE;
				GCC_WARN_UNUSED_FUNCTION = YES;
				GCC_WARN_UNUSED_VARIABLE = YES;
				IPHONEOS_DEPLOYMENT_TARGET = 17.0;
				MACOSX_DEPLOYMENT_TARGET = 14.0;
				MTL_ENABLE_DEBUG_INFO = INCLUDE_SOURCE;
				MTL_FAST_MATH = YES;
				ONLY_ACTIVE_ARCH = YES;
				SDKROOT = auto;
				SUPPORTED_PLATFORMS = "watchsimulator watchos macosx iphonesimulator iphoneos driverkit appletvsimulator appletvos";
				SUPPORTS_MACCATALYST = YES;
				SWIFT_ACTIVE_COMPILATION_CONDITIONS = DEBUG;
				SWIFT_OPTIMIZATION_LEVEL = "-Onone";
				SWIFT_OPTIMIZE_OBJECT_LIFETIME = YES;
			};
			name = Debug;
		};
		C36279E7265FE44500DEF2B6 /* Release */ = {
			isa = XCBuildConfiguration;
			buildSettings = {
				ALWAYS_SEARCH_USER_PATHS = NO;
				ASSETCATALOG_COMPILER_GENERATE_SWIFT_ASSET_SYMBOL_EXTENSIONS = YES;
				CLANG_ANALYZER_NONNULL = YES;
				CLANG_ANALYZER_NUMBER_OBJECT_CONVERSION = YES_AGGRESSIVE;
				CLANG_CXX_LANGUAGE_STANDARD = "gnu++14";
				CLANG_CXX_LIBRARY = "libc++";
				CLANG_ENABLE_MODULES = YES;
				CLANG_ENABLE_OBJC_ARC = YES;
				CLANG_ENABLE_OBJC_WEAK = YES;
				CLANG_WARN_BLOCK_CAPTURE_AUTORELEASING = YES;
				CLANG_WARN_BOOL_CONVERSION = YES;
				CLANG_WARN_COMMA = YES;
				CLANG_WARN_CONSTANT_CONVERSION = YES;
				CLANG_WARN_DEPRECATED_OBJC_IMPLEMENTATIONS = YES;
				CLANG_WARN_DIRECT_OBJC_ISA_USAGE = YES_ERROR;
				CLANG_WARN_DOCUMENTATION_COMMENTS = YES;
				CLANG_WARN_EMPTY_BODY = YES;
				CLANG_WARN_ENUM_CONVERSION = YES;
				CLANG_WARN_INFINITE_RECURSION = YES;
				CLANG_WARN_INT_CONVERSION = YES;
				CLANG_WARN_NON_LITERAL_NULL_CONVERSION = YES;
				CLANG_WARN_OBJC_IMPLICIT_RETAIN_SELF = YES;
				CLANG_WARN_OBJC_LITERAL_CONVERSION = YES;
				CLANG_WARN_OBJC_ROOT_CLASS = YES_ERROR;
				CLANG_WARN_QUOTED_INCLUDE_IN_FRAMEWORK_HEADER = YES;
				CLANG_WARN_RANGE_LOOP_ANALYSIS = YES;
				CLANG_WARN_STRICT_PROTOTYPES = YES;
				CLANG_WARN_SUSPICIOUS_MOVE = YES;
				CLANG_WARN_UNGUARDED_AVAILABILITY = YES_AGGRESSIVE;
				CLANG_WARN_UNREACHABLE_CODE = YES;
				CLANG_WARN__DUPLICATE_METHOD_MATCH = YES;
				COPY_PHASE_STRIP = NO;
				CREATE_INFOPLIST_SECTION_IN_BINARY = NO;
				DEAD_CODE_STRIPPING = YES;
				DEBUG_INFORMATION_FORMAT = "dwarf-with-dsym";
				EAGER_LINKING = YES;
				EMBED_ASSET_PACKS_IN_PRODUCT_BUNDLE = YES;
				ENABLE_NS_ASSERTIONS = NO;
				ENABLE_STRICT_OBJC_MSGSEND = YES;
				ENABLE_USER_SCRIPT_SANDBOXING = YES;
				FUSE_BUILD_SCRIPT_PHASES = YES;
				GCC_C_LANGUAGE_STANDARD = gnu11;
				GCC_NO_COMMON_BLOCKS = YES;
				GCC_WARN_64_TO_32_BIT_CONVERSION = YES;
				GCC_WARN_ABOUT_RETURN_TYPE = YES_ERROR;
				GCC_WARN_UNDECLARED_SELECTOR = YES;
				GCC_WARN_UNINITIALIZED_AUTOS = YES_AGGRESSIVE;
				GCC_WARN_UNUSED_FUNCTION = YES;
				GCC_WARN_UNUSED_VARIABLE = YES;
				IPHONEOS_DEPLOYMENT_TARGET = 17.0;
				MACOSX_DEPLOYMENT_TARGET = 14.0;
				MTL_ENABLE_DEBUG_INFO = NO;
				MTL_FAST_MATH = YES;
				SDKROOT = auto;
				SUPPORTED_PLATFORMS = "watchsimulator watchos macosx iphonesimulator iphoneos driverkit appletvsimulator appletvos";
				SUPPORTS_MACCATALYST = YES;
				SWIFT_COMPILATION_MODE = wholemodule;
				SWIFT_OPTIMIZATION_LEVEL = "-O";
				SWIFT_OPTIMIZE_OBJECT_LIFETIME = YES;
				VALIDATE_PRODUCT = YES;
			};
			name = Release;
		};
		C36279E9265FE44500DEF2B6 /* Debug */ = {
			isa = XCBuildConfiguration;
			buildSettings = {
				ASSETCATALOG_COMPILER_APPICON_NAME = AppIcon;
				ASSETCATALOG_COMPILER_GENERATE_SWIFT_ASSET_SYMBOL_EXTENSIONS = YES;
				ASSETCATALOG_COMPILER_GLOBAL_ACCENT_COLOR_NAME = plexTint;
				CLANG_TIDY_BUGPRONE_REDUNDANT_BRANCH_CONDITION = YES;
				CLANG_TIDY_MISC_REDUNDANT_EXPRESSION = YES;
				CODE_SIGN_ENTITLEMENTS = PlexVideo/PlexVideo.entitlements;
				"CODE_SIGN_IDENTITY[sdk=macosx*]" = "Apple Development";
				CODE_SIGN_STYLE = Automatic;
				CURRENT_PROJECT_VERSION = 101;
				DEAD_CODE_STRIPPING = YES;
				DEVELOPMENT_TEAM = 3LF943TRKL;
				"ENABLE_HARDENED_RUNTIME[sdk=macosx*]" = YES;
				ENABLE_PREVIEWS = YES;
				EXCLUDED_ARCHS = x86_64;
				GENERATE_INFOPLIST_FILE = YES;
				INFOPLIST_FILE = PlexVideo/Info.plist;
				INFOPLIST_KEY_CFBundleDisplayName = PlexVideo;
				"INFOPLIST_KEY_UIApplicationSceneManifest_Generation[sdk=iphoneos*]" = YES;
				"INFOPLIST_KEY_UIApplicationSceneManifest_Generation[sdk=iphonesimulator*]" = YES;
				"INFOPLIST_KEY_UILaunchScreen_Generation[sdk=iphoneos*]" = YES;
				"INFOPLIST_KEY_UILaunchScreen_Generation[sdk=iphonesimulator*]" = YES;
				INFOPLIST_KEY_UIStatusBarStyle = UIStatusBarStyleDarkContent;
				INFOPLIST_KEY_UISupportedInterfaceOrientations = "UIInterfaceOrientationLandscapeLeft UIInterfaceOrientationLandscapeRight UIInterfaceOrientationPortrait UIInterfaceOrientationPortraitUpsideDown";
				INFOPLIST_KEY_UIUserInterfaceStyle = Dark;
				INFOPLIST_OUTPUT_FORMAT = "same-as-input";
				IPHONEOS_DEPLOYMENT_TARGET = 17.0;
				LD_RUNPATH_SEARCH_PATHS = (
					"$(inherited)",
					"@executable_path/Frameworks",
				);
				MARKETING_VERSION = 1.0.1;
				MERGED_BINARY_TYPE = automatic;
				OTHER_SWIFT_FLAGS = "-warn-concurrency -enable-actor-data-race-checks -Xlinker -interposable";
				PRODUCT_BUNDLE_IDENTIFIER = ma.harke.PlexVideo;
				PRODUCT_NAME = "$(TARGET_NAME)";
				SDKROOT = auto;
				SUPPORTED_PLATFORMS = "iphoneos iphonesimulator macosx";
				SUPPORTS_MACCATALYST = NO;
				SUPPORTS_MAC_DESIGNED_FOR_IPHONE_IPAD = NO;
				SWIFT_EMIT_LOC_STRINGS = YES;
				SWIFT_STRICT_CONCURRENCY = complete;
				SWIFT_VERSION = 5.0;
				TARGETED_DEVICE_FAMILY = "1,2,6";
			};
			name = Debug;
		};
		C36279EA265FE44500DEF2B6 /* Release */ = {
			isa = XCBuildConfiguration;
			buildSettings = {
				ASSETCATALOG_COMPILER_APPICON_NAME = AppIcon;
				ASSETCATALOG_COMPILER_GENERATE_SWIFT_ASSET_SYMBOL_EXTENSIONS = YES;
				ASSETCATALOG_COMPILER_GLOBAL_ACCENT_COLOR_NAME = plexTint;
				CLANG_TIDY_BUGPRONE_REDUNDANT_BRANCH_CONDITION = YES;
				CLANG_TIDY_MISC_REDUNDANT_EXPRESSION = YES;
				CODE_SIGN_ENTITLEMENTS = PlexVideo/PlexVideo.entitlements;
				CODE_SIGN_STYLE = Automatic;
				CURRENT_PROJECT_VERSION = 101;
				DEAD_CODE_STRIPPING = YES;
				DEVELOPMENT_TEAM = 3LF943TRKL;
				ENABLE_PREVIEWS = YES;
				"EXCLUDED_ARCHS[sdk=iphoneos*]" = x86_64;
				"EXCLUDED_ARCHS[sdk=iphonesimulator*]" = x86_64;
				GENERATE_INFOPLIST_FILE = YES;
				INFOPLIST_FILE = PlexVideo/Info.plist;
				INFOPLIST_KEY_CFBundleDisplayName = PlexVideo;
				"INFOPLIST_KEY_UIApplicationSceneManifest_Generation[sdk=iphoneos*]" = YES;
				"INFOPLIST_KEY_UIApplicationSceneManifest_Generation[sdk=iphonesimulator*]" = YES;
				"INFOPLIST_KEY_UILaunchScreen_Generation[sdk=iphoneos*]" = YES;
				"INFOPLIST_KEY_UILaunchScreen_Generation[sdk=iphonesimulator*]" = YES;
				INFOPLIST_KEY_UIStatusBarStyle = UIStatusBarStyleDarkContent;
				INFOPLIST_KEY_UISupportedInterfaceOrientations = "UIInterfaceOrientationLandscapeLeft UIInterfaceOrientationLandscapeRight UIInterfaceOrientationPortrait UIInterfaceOrientationPortraitUpsideDown";
				INFOPLIST_KEY_UIUserInterfaceStyle = Dark;
				INFOPLIST_OUTPUT_FORMAT = "same-as-input";
				IPHONEOS_DEPLOYMENT_TARGET = 17.0;
				LD_RUNPATH_SEARCH_PATHS = (
					"$(inherited)",
					"@executable_path/Frameworks",
				);
				MARKETING_VERSION = 1.0.1;
				MERGED_BINARY_TYPE = automatic;
				PRODUCT_BUNDLE_IDENTIFIER = ma.harke.PlexVideo;
				PRODUCT_NAME = "$(TARGET_NAME)";
				SDKROOT = auto;
				SUPPORTED_PLATFORMS = "iphoneos iphonesimulator macosx";
				SUPPORTS_MACCATALYST = NO;
				SUPPORTS_MAC_DESIGNED_FOR_IPHONE_IPAD = NO;
				SWIFT_EMIT_LOC_STRINGS = YES;
				SWIFT_STRICT_CONCURRENCY = complete;
				SWIFT_VERSION = 5.0;
				TARGETED_DEVICE_FAMILY = "1,2,6";
			};
			name = Release;
		};
/* End XCBuildConfiguration section */

/* Begin XCConfigurationList section */
		C36279D4265FE44400DEF2B6 /* Build configuration list for PBXProject "PlexVideo" */ = {
			isa = XCConfigurationList;
			buildConfigurations = (
				C36279E6265FE44500DEF2B6 /* Debug */,
				C36279E7265FE44500DEF2B6 /* Release */,
			);
			defaultConfigurationIsVisible = 0;
			defaultConfigurationName = Release;
		};
		C36279E8265FE44500DEF2B6 /* Build configuration list for PBXNativeTarget "PlexVideo" */ = {
			isa = XCConfigurationList;
			buildConfigurations = (
				C36279E9265FE44500DEF2B6 /* Debug */,
				C36279EA265FE44500DEF2B6 /* Release */,
			);
			defaultConfigurationIsVisible = 0;
			defaultConfigurationName = Release;
		};
/* End XCConfigurationList section */

/* Begin XCSwiftPackageProductDependency section */
		C331B2ED2AEC1DD5007853DF /* PlexCore */ = {
			isa = XCSwiftPackageProductDependency;
			productName = PlexCore;
		};
		C331B2EF2AEC1DD5007853DF /* PlexUIKit */ = {
			isa = XCSwiftPackageProductDependency;
			productName = PlexUIKit;
		};
/* End XCSwiftPackageProductDependency section */
	};
	rootObject = C36279D1265FE44400DEF2B6 /* Project object */;
}
