// !$*UTF8*$!
{
	archiveVersion = 1;
	classes = {
	};
	objectVersion = 52;
	objects = {

/* Begin PBXBuildFile section */
		C32868E0266EC5F000A6F88B /* PlayerOverlay.swift in Sources */ = {isa = PBXBuildFile; fileRef = C32868DF266EC5F000A6F88B /* PlayerOverlay.swift */; };
		C32868E2266EC62000A6F88B /* VideosGrid.swift in Sources */ = {isa = PBXBuildFile; fileRef = C32868E1266EC62000A6F88B /* VideosGrid.swift */; };
		C32868E4266EC64300A6F88B /* VideosViewModel.swift in Sources */ = {isa = PBXBuildFile; fileRef = C32868E3266EC64300A6F88B /* VideosViewModel.swift */; };
		C32868E6266EC67C00A6F88B /* VideoPlayer.swift in Sources */ = {isa = PBXBuildFile; fileRef = C32868E5266EC67C00A6F88B /* VideoPlayer.swift */; };
		C32868E8266EC68D00A6F88B /* VideoDetailViewModel.swift in Sources */ = {isa = PBXBuildFile; fileRef = C32868E7266EC68D00A6F88B /* VideoDetailViewModel.swift */; };
		C32868EA266EC72B00A6F88B /* UserDefaults.swift in Sources */ = {isa = PBXBuildFile; fileRef = C32868E9266EC72B00A6F88B /* UserDefaults.swift */; };
		C32868EC266EC74C00A6F88B /* Progress.swift in Sources */ = {isa = PBXBuildFile; fileRef = C32868EB266EC74C00A6F88B /* Progress.swift */; };
		C3337854266BA811007C3D41 /* VideoDetail.swift in Sources */ = {isa = PBXBuildFile; fileRef = C3337853266BA811007C3D41 /* VideoDetail.swift */; };
		C3337859266CD568007C3D41 /* VideoListItem.swift in Sources */ = {isa = PBXBuildFile; fileRef = C3337858266CD568007C3D41 /* VideoListItem.swift */; };
		C333785C266CDADB007C3D41 /* Colors.swift in Sources */ = {isa = PBXBuildFile; fileRef = C333785B266CDADB007C3D41 /* Colors.swift */; };
		C3337860266CE883007C3D41 /* Model.swift in Sources */ = {isa = PBXBuildFile; fileRef = C333785F266CE883007C3D41 /* Model.swift */; };
		C33FAE54266FFAE400177385 /* SafariView.swift in Sources */ = {isa = PBXBuildFile; fileRef = C33FAE53266FFAE400177385 /* SafariView.swift */; };
		C33FAE57267005A300177385 /* XMLCoder in Frameworks */ = {isa = PBXBuildFile; productRef = C33FAE56267005A300177385 /* XMLCoder */; };
		C36279DD265FE44400DEF2B6 /* PlexVideoApp.swift in Sources */ = {isa = PBXBuildFile; fileRef = C36279DC265FE44400DEF2B6 /* PlexVideoApp.swift */; };
		C36279DF265FE44400DEF2B6 /* ContentView.swift in Sources */ = {isa = PBXBuildFile; fileRef = C36279DE265FE44400DEF2B6 /* ContentView.swift */; };
		C36279E1265FE44500DEF2B6 /* Assets.xcassets in Resources */ = {isa = PBXBuildFile; fileRef = C36279E0265FE44500DEF2B6 /* Assets.xcassets */; };
		C36279E4265FE44500DEF2B6 /* Preview Assets.xcassets in Resources */ = {isa = PBXBuildFile; fileRef = C36279E3265FE44500DEF2B6 /* Preview Assets.xcassets */; };
		C36279ED265FE52300DEF2B6 /* LocalStorage.swift in Sources */ = {isa = PBXBuildFile; fileRef = C36279EC265FE52300DEF2B6 /* LocalStorage.swift */; };
		C36279EF265FE5DC00DEF2B6 /* Login.swift in Sources */ = {isa = PBXBuildFile; fileRef = C36279EE265FE5DC00DEF2B6 /* Login.swift */; };
		C36279F2265FE6EA00DEF2B6 /* Videos.swift in Sources */ = {isa = PBXBuildFile; fileRef = C36279F1265FE6EA00DEF2B6 /* Videos.swift */; };
		C36279F4265FEA1A00DEF2B6 /* Api.swift in Sources */ = {isa = PBXBuildFile; fileRef = C36279F3265FEA1A00DEF2B6 /* Api.swift */; };
		C3D0F350266E3C6F002EC3F8 /* Thumb.swift in Sources */ = {isa = PBXBuildFile; fileRef = C3D0F34F266E3C6F002EC3F8 /* Thumb.swift */; };
/* End PBXBuildFile section */

/* Begin PBXFileReference section */
		C310E1B42660D9A6004CC5C3 /* PlexVideo.playground */ = {isa = PBXFileReference; lastKnownFileType = file.playground; path = PlexVideo.playground; sourceTree = "<group>"; xcLanguageSpecificationIdentifier = xcode.lang.swift; };
		C32868DF266EC5F000A6F88B /* PlayerOverlay.swift */ = {isa = PBXFileReference; lastKnownFileType = sourcecode.swift; path = PlayerOverlay.swift; sourceTree = "<group>"; };
		C32868E1266EC62000A6F88B /* VideosGrid.swift */ = {isa = PBXFileReference; lastKnownFileType = sourcecode.swift; path = VideosGrid.swift; sourceTree = "<group>"; };
		C32868E3266EC64300A6F88B /* VideosViewModel.swift */ = {isa = PBXFileReference; lastKnownFileType = sourcecode.swift; path = VideosViewModel.swift; sourceTree = "<group>"; };
		C32868E5266EC67C00A6F88B /* VideoPlayer.swift */ = {isa = PBXFileReference; lastKnownFileType = sourcecode.swift; path = VideoPlayer.swift; sourceTree = "<group>"; };
		C32868E7266EC68D00A6F88B /* VideoDetailViewModel.swift */ = {isa = PBXFileReference; lastKnownFileType = sourcecode.swift; path = VideoDetailViewModel.swift; sourceTree = "<group>"; };
		C32868E9266EC72B00A6F88B /* UserDefaults.swift */ = {isa = PBXFileReference; lastKnownFileType = sourcecode.swift; path = UserDefaults.swift; sourceTree = "<group>"; };
		C32868EB266EC74C00A6F88B /* Progress.swift */ = {isa = PBXFileReference; lastKnownFileType = sourcecode.swift; path = Progress.swift; sourceTree = "<group>"; };
		C3337853266BA811007C3D41 /* VideoDetail.swift */ = {isa = PBXFileReference; lastKnownFileType = sourcecode.swift; path = VideoDetail.swift; sourceTree = "<group>"; };
		C3337858266CD568007C3D41 /* VideoListItem.swift */ = {isa = PBXFileReference; lastKnownFileType = sourcecode.swift; path = VideoListItem.swift; sourceTree = "<group>"; };
		C333785B266CDADB007C3D41 /* Colors.swift */ = {isa = PBXFileReference; lastKnownFileType = sourcecode.swift; path = Colors.swift; sourceTree = "<group>"; };
		C333785F266CE883007C3D41 /* Model.swift */ = {isa = PBXFileReference; lastKnownFileType = sourcecode.swift; path = Model.swift; sourceTree = "<group>"; };
		C33FAE53266FFAE400177385 /* SafariView.swift */ = {isa = PBXFileReference; lastKnownFileType = sourcecode.swift; path = SafariView.swift; sourceTree = "<group>"; };
		C36279D9265FE44400DEF2B6 /* PlexVideo.app */ = {isa = PBXFileReference; explicitFileType = wrapper.application; includeInIndex = 0; path = PlexVideo.app; sourceTree = BUILT_PRODUCTS_DIR; };
		C36279DC265FE44400DEF2B6 /* PlexVideoApp.swift */ = {isa = PBXFileReference; lastKnownFileType = sourcecode.swift; path = PlexVideoApp.swift; sourceTree = "<group>"; };
		C36279DE265FE44400DEF2B6 /* ContentView.swift */ = {isa = PBXFileReference; lastKnownFileType = sourcecode.swift; path = ContentView.swift; sourceTree = "<group>"; };
		C36279E0265FE44500DEF2B6 /* Assets.xcassets */ = {isa = PBXFileReference; lastKnownFileType = folder.assetcatalog; path = Assets.xcassets; sourceTree = "<group>"; };
		C36279E3265FE44500DEF2B6 /* Preview Assets.xcassets */ = {isa = PBXFileReference; lastKnownFileType = folder.assetcatalog; path = "Preview Assets.xcassets"; sourceTree = "<group>"; };
		C36279E5265FE44500DEF2B6 /* Info.plist */ = {isa = PBXFileReference; lastKnownFileType = text.plist.xml; path = Info.plist; sourceTree = "<group>"; };
		C36279EB265FE4D100DEF2B6 /* PlexVideo.entitlements */ = {isa = PBXFileReference; lastKnownFileType = text.plist.entitlements; path = PlexVideo.entitlements; sourceTree = "<group>"; };
		C36279EC265FE52300DEF2B6 /* LocalStorage.swift */ = {isa = PBXFileReference; lastKnownFileType = sourcecode.swift; path = LocalStorage.swift; sourceTree = "<group>"; };
		C36279EE265FE5DC00DEF2B6 /* Login.swift */ = {isa = PBXFileReference; lastKnownFileType = sourcecode.swift; name = Login.swift; path = PlexVideo/Login.swift; sourceTree = SOURCE_ROOT; };
		C36279F1265FE6EA00DEF2B6 /* Videos.swift */ = {isa = PBXFileReference; lastKnownFileType = sourcecode.swift; path = Videos.swift; sourceTree = "<group>"; };
		C36279F3265FEA1A00DEF2B6 /* Api.swift */ = {isa = PBXFileReference; lastKnownFileType = sourcecode.swift; path = Api.swift; sourceTree = "<group>"; };
		C3D0F34F266E3C6F002EC3F8 /* Thumb.swift */ = {isa = PBXFileReference; lastKnownFileType = sourcecode.swift; path = Thumb.swift; sourceTree = "<group>"; };
/* End PBXFileReference section */

/* Begin PBXFrameworksBuildPhase section */
		C36279D6265FE44400DEF2B6 /* Frameworks */ = {
			isa = PBXFrameworksBuildPhase;
			buildActionMask = 2147483647;
			files = (
				C33FAE57267005A300177385 /* XMLCoder in Frameworks */,
			);
			runOnlyForDeploymentPostprocessing = 0;
		};
/* End PBXFrameworksBuildPhase section */

/* Begin PBXGroup section */
		C333785A266CDAD1007C3D41 /* Extensions */ = {
			isa = PBXGroup;
			children = (
				C333785B266CDADB007C3D41 /* Colors.swift */,
				C32868E9266EC72B00A6F88B /* UserDefaults.swift */,
				C33FAE53266FFAE400177385 /* SafariView.swift */,
			);
			path = Extensions;
			sourceTree = "<group>";
		};
		C333785D266CE86B007C3D41 /* Api */ = {
			isa = PBXGroup;
			children = (
				C36279F3265FEA1A00DEF2B6 /* Api.swift */,
				C333785F266CE883007C3D41 /* Model.swift */,
			);
			path = Api;
			sourceTree = "<group>";
		};
		C33FAE50266FC24100177385 /* Login */ = {
			isa = PBXGroup;
			children = (
				C36279EE265FE5DC00DEF2B6 /* Login.swift */,
			);
			path = Login;
			sourceTree = "<group>";
		};
		C36279D0265FE44400DEF2B6 = {
			isa = PBXGroup;
			children = (
				C310E1B42660D9A6004CC5C3 /* PlexVideo.playground */,
				C36279DB265FE44400DEF2B6 /* PlexVideo */,
				C36279DA265FE44400DEF2B6 /* Products */,
			);
			sourceTree = "<group>";
		};
		C36279DA265FE44400DEF2B6 /* Products */ = {
			isa = PBXGroup;
			children = (
				C36279D9265FE44400DEF2B6 /* PlexVideo.app */,
			);
			name = Products;
			sourceTree = "<group>";
		};
		C36279DB265FE44400DEF2B6 /* PlexVideo */ = {
			isa = PBXGroup;
			children = (
				C33FAE50266FC24100177385 /* Login */,
				C333785D266CE86B007C3D41 /* Api */,
				C333785A266CDAD1007C3D41 /* Extensions */,
				C36279F0265FE6E100DEF2B6 /* Videos */,
				C36279EB265FE4D100DEF2B6 /* PlexVideo.entitlements */,
				C36279DC265FE44400DEF2B6 /* PlexVideoApp.swift */,
				C36279DE265FE44400DEF2B6 /* ContentView.swift */,
				C36279EC265FE52300DEF2B6 /* LocalStorage.swift */,
				C36279E0265FE44500DEF2B6 /* Assets.xcassets */,
				C36279E5265FE44500DEF2B6 /* Info.plist */,
				C36279E2265FE44500DEF2B6 /* Preview Content */,
			);
			path = PlexVideo;
			sourceTree = "<group>";
		};
		C36279E2265FE44500DEF2B6 /* Preview Content */ = {
			isa = PBXGroup;
			children = (
				C36279E3265FE44500DEF2B6 /* Preview Assets.xcassets */,
			);
			path = "Preview Content";
			sourceTree = "<group>";
		};
		C36279F0265FE6E100DEF2B6 /* Videos */ = {
			isa = PBXGroup;
			children = (
				C36279F1265FE6EA00DEF2B6 /* Videos.swift */,
				C32868E3266EC64300A6F88B /* VideosViewModel.swift */,
				C3337853266BA811007C3D41 /* VideoDetail.swift */,
				C3337858266CD568007C3D41 /* VideoListItem.swift */,
				C3D0F34F266E3C6F002EC3F8 /* Thumb.swift */,
				C32868DF266EC5F000A6F88B /* PlayerOverlay.swift */,
				C32868E1266EC62000A6F88B /* VideosGrid.swift */,
				C32868E5266EC67C00A6F88B /* VideoPlayer.swift */,
				C32868E7266EC68D00A6F88B /* VideoDetailViewModel.swift */,
				C32868EB266EC74C00A6F88B /* Progress.swift */,
			);
			path = Videos;
			sourceTree = "<group>";
		};
/* End PBXGroup section */

/* Begin PBXNativeTarget section */
		C36279D8265FE44400DEF2B6 /* PlexVideo */ = {
			isa = PBXNativeTarget;
			buildConfigurationList = C36279E8265FE44500DEF2B6 /* Build configuration list for PBXNativeTarget "PlexVideo" */;
			buildPhases = (
				C36279D5265FE44400DEF2B6 /* Sources */,
				C36279D6265FE44400DEF2B6 /* Frameworks */,
				C36279D7265FE44400DEF2B6 /* Resources */,
			);
			buildRules = (
			);
			dependencies = (
			);
			name = PlexVideo;
			packageProductDependencies = (
				C33FAE56267005A300177385 /* XMLCoder */,
			);
			productName = PlexVideo;
			productReference = C36279D9265FE44400DEF2B6 /* PlexVideo.app */;
			productType = "com.apple.product-type.application";
		};
/* End PBXNativeTarget section */

/* Begin PBXProject section */
		C36279D1265FE44400DEF2B6 /* Project object */ = {
			isa = PBXProject;
			attributes = {
				LastSwiftUpdateCheck = 1250;
				LastUpgradeCheck = 1250;
				TargetAttributes = {
					C36279D8265FE44400DEF2B6 = {
						CreatedOnToolsVersion = 12.5;
					};
				};
			};
			buildConfigurationList = C36279D4265FE44400DEF2B6 /* Build configuration list for PBXProject "PlexVideo" */;
			compatibilityVersion = "Xcode 9.3";
			developmentRegion = en;
			hasScannedForEncodings = 0;
			knownRegions = (
				en,
				Base,
			);
			mainGroup = C36279D0265FE44400DEF2B6;
			packageReferences = (
				C33FAE55267005A300177385 /* XCRemoteSwiftPackageReference "XMLCoder" */,
			);
			productRefGroup = C36279DA265FE44400DEF2B6 /* Products */;
			projectDirPath = "";
			projectRoot = "";
			targets = (
				C36279D8265FE44400DEF2B6 /* PlexVideo */,
			);
		};
/* End PBXProject section */

/* Begin PBXResourcesBuildPhase section */
		C36279D7265FE44400DEF2B6 /* Resources */ = {
			isa = PBXResourcesBuildPhase;
			buildActionMask = 2147483647;
			files = (
				C36279E4265FE44500DEF2B6 /* Preview Assets.xcassets in Resources */,
				C36279E1265FE44500DEF2B6 /* Assets.xcassets in Resources */,
			);
			runOnlyForDeploymentPostprocessing = 0;
		};
/* End PBXResourcesBuildPhase section */

/* Begin PBXSourcesBuildPhase section */
		C36279D5265FE44400DEF2B6 /* Sources */ = {
			isa = PBXSourcesBuildPhase;
			buildActionMask = 2147483647;
			files = (
				C32868EC266EC74C00A6F88B /* Progress.swift in Sources */,
				C36279F4265FEA1A00DEF2B6 /* Api.swift in Sources */,
				C333785C266CDADB007C3D41 /* Colors.swift in Sources */,
				C36279ED265FE52300DEF2B6 /* LocalStorage.swift in Sources */,
				C3D0F350266E3C6F002EC3F8 /* Thumb.swift in Sources */,
				C32868E4266EC64300A6F88B /* VideosViewModel.swift in Sources */,
				C32868EA266EC72B00A6F88B /* UserDefaults.swift in Sources */,
				C3337854266BA811007C3D41 /* VideoDetail.swift in Sources */,
				C36279DF265FE44400DEF2B6 /* ContentView.swift in Sources */,
				C3337860266CE883007C3D41 /* Model.swift in Sources */,
				C36279DD265FE44400DEF2B6 /* PlexVideoApp.swift in Sources */,
				C36279F2265FE6EA00DEF2B6 /* Videos.swift in Sources */,
				C33FAE54266FFAE400177385 /* SafariView.swift in Sources */,
				C32868E2266EC62000A6F88B /* VideosGrid.swift in Sources */,
				C32868E8266EC68D00A6F88B /* VideoDetailViewModel.swift in Sources */,
				C32868E6266EC67C00A6F88B /* VideoPlayer.swift in Sources */,
				C32868E0266EC5F000A6F88B /* PlayerOverlay.swift in Sources */,
				C36279EF265FE5DC00DEF2B6 /* Login.swift in Sources */,
				C3337859266CD568007C3D41 /* VideoListItem.swift in Sources */,
			);
			runOnlyForDeploymentPostprocessing = 0;
		};
/* End PBXSourcesBuildPhase section */

/* Begin XCBuildConfiguration section */
		C36279E6265FE44500DEF2B6 /* Debug */ = {
			isa = XCBuildConfiguration;
			buildSettings = {
				ALWAYS_SEARCH_USER_PATHS = NO;
				CLANG_ANALYZER_NONNULL = YES;
				CLANG_ANALYZER_NUMBER_OBJECT_CONVERSION = YES_AGGRESSIVE;
				CLANG_CXX_LANGUAGE_STANDARD = "gnu++14";
				CLANG_CXX_LIBRARY = "libc++";
				CLANG_ENABLE_MODULES = YES;
				CLANG_ENABLE_OBJC_ARC = YES;
				CLANG_ENABLE_OBJC_WEAK = YES;
				CLANG_WARN_BLOCK_CAPTURE_AUTORELEASING = YES;
				CLANG_WARN_BOOL_CONVERSION = YES;
				CLANG_WARN_COMMA = YES;
				CLANG_WARN_CONSTANT_CONVERSION = YES;
				CLANG_WARN_DEPRECATED_OBJC_IMPLEMENTATIONS = YES;
				CLANG_WARN_DIRECT_OBJC_ISA_USAGE = YES_ERROR;
				CLANG_WARN_DOCUMENTATION_COMMENTS = YES;
				CLANG_WARN_EMPTY_BODY = YES;
				CLANG_WARN_ENUM_CONVERSION = YES;
				CLANG_WARN_INFINITE_RECURSION = YES;
				CLANG_WARN_INT_CONVERSION = YES;
				CLANG_WARN_NON_LITERAL_NULL_CONVERSION = YES;
				CLANG_WARN_OBJC_IMPLICIT_RETAIN_SELF = YES;
				CLANG_WARN_OBJC_LITERAL_CONVERSION = YES;
				CLANG_WARN_OBJC_ROOT_CLASS = YES_ERROR;
				CLANG_WARN_QUOTED_INCLUDE_IN_FRAMEWORK_HEADER = YES;
				CLANG_WARN_RANGE_LOOP_ANALYSIS = YES;
				CLANG_WARN_STRICT_PROTOTYPES = YES;
				CLANG_WARN_SUSPICIOUS_MOVE = YES;
				CLANG_WARN_UNGUARDED_AVAILABILITY = YES_AGGRESSIVE;
				CLANG_WARN_UNREACHABLE_CODE = YES;
				CLANG_WARN__DUPLICATE_METHOD_MATCH = YES;
				COPY_PHASE_STRIP = NO;
				DEBUG_INFORMATION_FORMAT = dwarf;
				ENABLE_STRICT_OBJC_MSGSEND = YES;
				ENABLE_TESTABILITY = YES;
				GCC_C_LANGUAGE_STANDARD = gnu11;
				GCC_DYNAMIC_NO_PIC = NO;
				GCC_NO_COMMON_BLOCKS = YES;
				GCC_OPTIMIZATION_LEVEL = 0;
				GCC_PREPROCESSOR_DEFINITIONS = (
					"DEBUG=1",
					"$(inherited)",
				);
				GCC_WARN_64_TO_32_BIT_CONVERSION = YES;
				GCC_WARN_ABOUT_RETURN_TYPE = YES_ERROR;
				GCC_WARN_UNDECLARED_SELECTOR = YES;
				GCC_WARN_UNINITIALIZED_AUTOS = YES_AGGRESSIVE;
				GCC_WARN_UNUSED_FUNCTION = YES;
				GCC_WARN_UNUSED_VARIABLE = YES;
				IPHONEOS_DEPLOYMENT_TARGET = 14.5;
				MTL_ENABLE_DEBUG_INFO = INCLUDE_SOURCE;
				MTL_FAST_MATH = YES;
				ONLY_ACTIVE_ARCH = YES;
				SDKROOT = iphoneos;
				SWIFT_ACTIVE_COMPILATION_CONDITIONS = DEBUG;
				SWIFT_OPTIMIZATION_LEVEL = "-Onone";
			};
			name = Debug;
		};
		C36279E7265FE44500DEF2B6 /* Release */ = {
			isa = XCBuildConfiguration;
			buildSettings = {
				ALWAYS_SEARCH_USER_PATHS = NO;
				CLANG_ANALYZER_NONNULL = YES;
				CLANG_ANALYZER_NUMBER_OBJECT_CONVERSION = YES_AGGRESSIVE;
				CLANG_CXX_LANGUAGE_STANDARD = "gnu++14";
				CLANG_CXX_LIBRARY = "libc++";
				CLANG_ENABLE_MODULES = YES;
				CLANG_ENABLE_OBJC_ARC = YES;
				CLANG_ENABLE_OBJC_WEAK = YES;
				CLANG_WARN_BLOCK_CAPTURE_AUTORELEASING = YES;
				CLANG_WARN_BOOL_CONVERSION = YES;
				CLANG_WARN_COMMA = YES;
				CLANG_WARN_CONSTANT_CONVERSION = YES;
				CLANG_WARN_DEPRECATED_OBJC_IMPLEMENTATIONS = YES;
				CLANG_WARN_DIRECT_OBJC_ISA_USAGE = YES_ERROR;
				CLANG_WARN_DOCUMENTATION_COMMENTS = YES;
				CLANG_WARN_EMPTY_BODY = YES;
				CLANG_WARN_ENUM_CONVERSION = YES;
				CLANG_WARN_INFINITE_RECURSION = YES;
				CLANG_WARN_INT_CONVERSION = YES;
				CLANG_WARN_NON_LITERAL_NULL_CONVERSION = YES;
				CLANG_WARN_OBJC_IMPLICIT_RETAIN_SELF = YES;
				CLANG_WARN_OBJC_LITERAL_CONVERSION = YES;
				CLANG_WARN_OBJC_ROOT_CLASS = YES_ERROR;
				CLANG_WARN_QUOTED_INCLUDE_IN_FRAMEWORK_HEADER = YES;
				CLANG_WARN_RANGE_LOOP_ANALYSIS = YES;
				CLANG_WARN_STRICT_PROTOTYPES = YES;
				CLANG_WARN_SUSPICIOUS_MOVE = YES;
				CLANG_WARN_UNGUARDED_AVAILABILITY = YES_AGGRESSIVE;
				CLANG_WARN_UNREACHABLE_CODE = YES;
				CLANG_WARN__DUPLICATE_METHOD_MATCH = YES;
				COPY_PHASE_STRIP = NO;
				DEBUG_INFORMATION_FORMAT = "dwarf-with-dsym";
				ENABLE_NS_ASSERTIONS = NO;
				ENABLE_STRICT_OBJC_MSGSEND = YES;
				GCC_C_LANGUAGE_STANDARD = gnu11;
				GCC_NO_COMMON_BLOCKS = YES;
				GCC_WARN_64_TO_32_BIT_CONVERSION = YES;
				GCC_WARN_ABOUT_RETURN_TYPE = YES_ERROR;
				GCC_WARN_UNDECLARED_SELECTOR = YES;
				GCC_WARN_UNINITIALIZED_AUTOS = YES_AGGRESSIVE;
				GCC_WARN_UNUSED_FUNCTION = YES;
				GCC_WARN_UNUSED_VARIABLE = YES;
				IPHONEOS_DEPLOYMENT_TARGET = 14.5;
				MTL_ENABLE_DEBUG_INFO = NO;
				MTL_FAST_MATH = YES;
				SDKROOT = iphoneos;
				SWIFT_COMPILATION_MODE = wholemodule;
				SWIFT_OPTIMIZATION_LEVEL = "-O";
				VALIDATE_PRODUCT = YES;
			};
			name = Release;
		};
		C36279E9265FE44500DEF2B6 /* Debug */ = {
			isa = XCBuildConfiguration;
			buildSettings = {
				ASSETCATALOG_COMPILER_APPICON_NAME = AppIcon;
				ASSETCATALOG_COMPILER_GLOBAL_ACCENT_COLOR_NAME = AccentColor;
				CODE_SIGN_ENTITLEMENTS = PlexVideo/PlexVideo.entitlements;
				CODE_SIGN_STYLE = Automatic;
				DEVELOPMENT_ASSET_PATHS = "\"PlexVideo/Preview Content\"";
				DEVELOPMENT_TEAM = 3LF943TRKL;
				ENABLE_PREVIEWS = YES;
				INFOPLIST_FILE = PlexVideo/Info.plist;
				IPHONEOS_DEPLOYMENT_TARGET = 15.0;
				LD_RUNPATH_SEARCH_PATHS = (
					"$(inherited)",
					"@executable_path/Frameworks",
				);
				PRODUCT_BUNDLE_IDENTIFIER = io.harkema.PlexVideo;
				PRODUCT_NAME = "$(TARGET_NAME)";
				SUPPORTS_MACCATALYST = YES;
				SWIFT_EMIT_LOC_STRINGS = YES;
				SWIFT_OPTIMIZE_OBJECT_LIFETIME = YES;
				SWIFT_VERSION = 5.0;
				TARGETED_DEVICE_FAMILY = "1,2,6";
			};
			name = Debug;
		};
		C36279EA265FE44500DEF2B6 /* Release */ = {
			isa = XCBuildConfiguration;
			buildSettings = {
				ASSETCATALOG_COMPILER_APPICON_NAME = AppIcon;
				ASSETCATALOG_COMPILER_GLOBAL_ACCENT_COLOR_NAME = AccentColor;
				CODE_SIGN_ENTITLEMENTS = PlexVideo/PlexVideo.entitlements;
				CODE_SIGN_STYLE = Automatic;
				DEVELOPMENT_ASSET_PATHS = "\"PlexVideo/Preview Content\"";
				DEVELOPMENT_TEAM = 3LF943TRKL;
				ENABLE_PREVIEWS = YES;
				INFOPLIST_FILE = PlexVideo/Info.plist;
				IPHONEOS_DEPLOYMENT_TARGET = 15.0;
				LD_RUNPATH_SEARCH_PATHS = (
					"$(inherited)",
					"@executable_path/Frameworks",
				);
				PRODUCT_BUNDLE_IDENTIFIER = io.harkema.PlexVideo;
				PRODUCT_NAME = "$(TARGET_NAME)";
				SUPPORTS_MACCATALYST = YES;
				SWIFT_EMIT_LOC_STRINGS = YES;
				SWIFT_OPTIMIZE_OBJECT_LIFETIME = YES;
				SWIFT_VERSION = 5.0;
				TARGETED_DEVICE_FAMILY = "1,2,6";
			};
			name = Release;
		};
/* End XCBuildConfiguration section */

/* Begin XCConfigurationList section */
		C36279D4265FE44400DEF2B6 /* Build configuration list for PBXProject "PlexVideo" */ = {
			isa = XCConfigurationList;
			buildConfigurations = (
				C36279E6265FE44500DEF2B6 /* Debug */,
				C36279E7265FE44500DEF2B6 /* Release */,
			);
			defaultConfigurationIsVisible = 0;
			defaultConfigurationName = Release;
		};
		C36279E8265FE44500DEF2B6 /* Build configuration list for PBXNativeTarget "PlexVideo" */ = {
			isa = XCConfigurationList;
			buildConfigurations = (
				C36279E9265FE44500DEF2B6 /* Debug */,
				C36279EA265FE44500DEF2B6 /* Release */,
			);
			defaultConfigurationIsVisible = 0;
			defaultConfigurationName = Release;
		};
/* End XCConfigurationList section */

/* Begin XCRemoteSwiftPackageReference section */
		C33FAE55267005A300177385 /* XCRemoteSwiftPackageReference "XMLCoder" */ = {
			isa = XCRemoteSwiftPackageReference;
			repositoryURL = "https://github.com/MaxDesiatov/XMLCoder";
			requirement = {
				kind = upToNextMajorVersion;
				minimumVersion = 0.9.0;
			};
		};
/* End XCRemoteSwiftPackageReference section */

/* Begin XCSwiftPackageProductDependency section */
		C33FAE56267005A300177385 /* XMLCoder */ = {
			isa = XCSwiftPackageProductDependency;
			package = C33FAE55267005A300177385 /* XCRemoteSwiftPackageReference "XMLCoder" */;
			productName = XMLCoder;
		};
/* End XCSwiftPackageProductDependency section */
	};
	rootObject = C36279D1265FE44400DEF2B6 /* Project object */;
}
